// !$*UTF8*$!
{
	archiveVersion = 1;
	classes = {
	};
	objectVersion = 50;
	objects = {

/* Begin PBXBuildFile section */
		BA2E5634249850B400E13383 /* Bgm.mp3 in Resources */ = {isa = PBXBuildFile; fileRef = BA2E5630249850B300E13383 /* Bgm.mp3 */; };
		BA2E5636249850B400E13383 /* Swim.m4a in Resources */ = {isa = PBXBuildFile; fileRef = BA2E5632249850B300E13383 /* Swim.m4a */; };
		BA2E563A2498653700E13383 /* Diving.mp3 in Resources */ = {isa = PBXBuildFile; fileRef = BA2E56392498653600E13383 /* Diving.mp3 */; };
		BA2E563C2498686100E13383 /* Btn.wav in Resources */ = {isa = PBXBuildFile; fileRef = BA2E563B2498686100E13383 /* Btn.wav */; };
		BA2E564024989A1800E13383 /* BgmMenu.mp3 in Resources */ = {isa = PBXBuildFile; fileRef = BA2E563F24989A1800E13383 /* BgmMenu.mp3 */; };
		BA2E564224989B0A00E13383 /* LostBubbles.mp3 in Resources */ = {isa = PBXBuildFile; fileRef = BA2E564124989B0A00E13383 /* LostBubbles.mp3 */; };
		BA2E56442498A20200E13383 /* Coin.mp3 in Resources */ = {isa = PBXBuildFile; fileRef = BA2E56432498A20100E13383 /* Coin.mp3 */; };
		BA2E56462498A3ED00E13383 /* Coral.mp3 in Resources */ = {isa = PBXBuildFile; fileRef = BA2E56452498A3ED00E13383 /* Coral.mp3 */; };
		BA2E56482498B26300E13383 /* Dead.mp3 in Resources */ = {isa = PBXBuildFile; fileRef = BA2E56472498B26300E13383 /* Dead.mp3 */; };
		BA377666248FF64E00DDF2B5 /* AppDelegate.swift in Sources */ = {isa = PBXBuildFile; fileRef = BA377665248FF64E00DDF2B5 /* AppDelegate.swift */; };
		BA377668248FF64E00DDF2B5 /* GameScene.sks in Resources */ = {isa = PBXBuildFile; fileRef = BA377667248FF64E00DDF2B5 /* GameScene.sks */; };
		BA37766A248FF64E00DDF2B5 /* Actions.sks in Resources */ = {isa = PBXBuildFile; fileRef = BA377669248FF64E00DDF2B5 /* Actions.sks */; };
		BA37766C248FF64E00DDF2B5 /* GameScene.swift in Sources */ = {isa = PBXBuildFile; fileRef = BA37766B248FF64E00DDF2B5 /* GameScene.swift */; };
		BA37766E248FF64E00DDF2B5 /* GameViewController.swift in Sources */ = {isa = PBXBuildFile; fileRef = BA37766D248FF64E00DDF2B5 /* GameViewController.swift */; };
		BA377671248FF64E00DDF2B5 /* Main.storyboard in Resources */ = {isa = PBXBuildFile; fileRef = BA37766F248FF64E00DDF2B5 /* Main.storyboard */; };
		BA377673248FF65000DDF2B5 /* Assets.xcassets in Resources */ = {isa = PBXBuildFile; fileRef = BA377672248FF65000DDF2B5 /* Assets.xcassets */; };
		BA377676248FF65000DDF2B5 /* LaunchScreen.storyboard in Resources */ = {isa = PBXBuildFile; fileRef = BA377674248FF65000DDF2B5 /* LaunchScreen.storyboard */; };
		BA5B6EA5267A67C0001E1FB4 /* newBGM.mp3 in Resources */ = {isa = PBXBuildFile; fileRef = BA5B6EA4267A67C0001E1FB4 /* newBGM.mp3 */; };
		BA5B6EA7267A67CF001E1FB4 /* Power Down.mp3 in Resources */ = {isa = PBXBuildFile; fileRef = BA5B6EA6267A67CF001E1FB4 /* Power Down.mp3 */; };
		BA5B6EA9267A6808001E1FB4 /* Dive.wav in Resources */ = {isa = PBXBuildFile; fileRef = BA5B6EA8267A6808001E1FB4 /* Dive.wav */; };
		BA5B6EAB267A681D001E1FB4 /* Explosion.wav in Resources */ = {isa = PBXBuildFile; fileRef = BA5B6EAA267A681D001E1FB4 /* Explosion.wav */; };
		BA5B6EAD267A686C001E1FB4 /* Flying.wav in Resources */ = {isa = PBXBuildFile; fileRef = BA5B6EAC267A686C001E1FB4 /* Flying.wav */; };
		BAD0300D2496CA6C00ECD8B6 /* MainMenu.sks in Resources */ = {isa = PBXBuildFile; fileRef = BAD0300C2496CA6C00ECD8B6 /* MainMenu.sks */; };
		BAD0300F2496CB8900ECD8B6 /* MainMenu.swift in Sources */ = {isa = PBXBuildFile; fileRef = BAD0300E2496CB8900ECD8B6 /* MainMenu.swift */; };
		BAD030112496DBC600ECD8B6 /* GameOver.swift in Sources */ = {isa = PBXBuildFile; fileRef = BAD030102496DBC600ECD8B6 /* GameOver.swift */; };
		BAD0301324975C5300ECD8B6 /* GameOver.sks in Resources */ = {isa = PBXBuildFile; fileRef = BAD0301224975C5300ECD8B6 /* GameOver.sks */; };
/* End PBXBuildFile section */

/* Begin PBXFileReference section */
		BA2E5630249850B300E13383 /* Bgm.mp3 */ = {isa = PBXFileReference; lastKnownFileType = audio.mp3; path = Bgm.mp3; sourceTree = "<group>"; };
		BA2E5632249850B300E13383 /* Swim.m4a */ = {isa = PBXFileReference; lastKnownFileType = file; path = Swim.m4a; sourceTree = "<group>"; };
		BA2E56392498653600E13383 /* Diving.mp3 */ = {isa = PBXFileReference; lastKnownFileType = audio.mp3; path = Diving.mp3; sourceTree = "<group>"; };
		BA2E563B2498686100E13383 /* Btn.wav */ = {isa = PBXFileReference; lastKnownFileType = audio.wav; path = Btn.wav; sourceTree = "<group>"; };
		BA2E563F24989A1800E13383 /* BgmMenu.mp3 */ = {isa = PBXFileReference; lastKnownFileType = audio.mp3; path = BgmMenu.mp3; sourceTree = "<group>"; };
		BA2E564124989B0A00E13383 /* LostBubbles.mp3 */ = {isa = PBXFileReference; lastKnownFileType = audio.mp3; path = LostBubbles.mp3; sourceTree = "<group>"; };
		BA2E56432498A20100E13383 /* Coin.mp3 */ = {isa = PBXFileReference; lastKnownFileType = audio.mp3; path = Coin.mp3; sourceTree = "<group>"; };
		BA2E56452498A3ED00E13383 /* Coral.mp3 */ = {isa = PBXFileReference; lastKnownFileType = audio.mp3; path = Coral.mp3; sourceTree = "<group>"; };
		BA2E56472498B26300E13383 /* Dead.mp3 */ = {isa = PBXFileReference; lastKnownFileType = audio.mp3; path = Dead.mp3; sourceTree = "<group>"; };
		BA377662248FF64E00DDF2B5 /* Serenity.app */ = {isa = PBXFileReference; explicitFileType = wrapper.application; includeInIndex = 0; path = Serenity.app; sourceTree = BUILT_PRODUCTS_DIR; };
		BA377665248FF64E00DDF2B5 /* AppDelegate.swift */ = {isa = PBXFileReference; lastKnownFileType = sourcecode.swift; path = AppDelegate.swift; sourceTree = "<group>"; };
		BA377667248FF64E00DDF2B5 /* GameScene.sks */ = {isa = PBXFileReference; lastKnownFileType = file.sks; path = GameScene.sks; sourceTree = "<group>"; };
		BA377669248FF64E00DDF2B5 /* Actions.sks */ = {isa = PBXFileReference; lastKnownFileType = file.sks; path = Actions.sks; sourceTree = "<group>"; };
		BA37766B248FF64E00DDF2B5 /* GameScene.swift */ = {isa = PBXFileReference; lastKnownFileType = sourcecode.swift; path = GameScene.swift; sourceTree = "<group>"; };
		BA37766D248FF64E00DDF2B5 /* GameViewController.swift */ = {isa = PBXFileReference; lastKnownFileType = sourcecode.swift; path = GameViewController.swift; sourceTree = "<group>"; };
		BA377670248FF64E00DDF2B5 /* Base */ = {isa = PBXFileReference; lastKnownFileType = file.storyboard; name = Base; path = Base.lproj/Main.storyboard; sourceTree = "<group>"; };
		BA377672248FF65000DDF2B5 /* Assets.xcassets */ = {isa = PBXFileReference; lastKnownFileType = folder.assetcatalog; path = Assets.xcassets; sourceTree = "<group>"; };
		BA377675248FF65000DDF2B5 /* Base */ = {isa = PBXFileReference; lastKnownFileType = file.storyboard; name = Base; path = Base.lproj/LaunchScreen.storyboard; sourceTree = "<group>"; };
		BA377677248FF65000DDF2B5 /* Info.plist */ = {isa = PBXFileReference; lastKnownFileType = text.plist.xml; path = Info.plist; sourceTree = "<group>"; };
		BA5B6EA4267A67C0001E1FB4 /* newBGM.mp3 */ = {isa = PBXFileReference; lastKnownFileType = audio.mp3; path = newBGM.mp3; sourceTree = "<group>"; };
		BA5B6EA6267A67CF001E1FB4 /* Power Down.mp3 */ = {isa = PBXFileReference; lastKnownFileType = audio.mp3; path = "Power Down.mp3"; sourceTree = "<group>"; };
		BA5B6EA8267A6808001E1FB4 /* Dive.wav */ = {isa = PBXFileReference; lastKnownFileType = audio.wav; path = Dive.wav; sourceTree = "<group>"; };
		BA5B6EAA267A681D001E1FB4 /* Explosion.wav */ = {isa = PBXFileReference; lastKnownFileType = audio.wav; path = Explosion.wav; sourceTree = "<group>"; };
		BA5B6EAC267A686C001E1FB4 /* Flying.wav */ = {isa = PBXFileReference; lastKnownFileType = audio.wav; path = Flying.wav; sourceTree = "<group>"; };
		BAD0300C2496CA6C00ECD8B6 /* MainMenu.sks */ = {isa = PBXFileReference; lastKnownFileType = file.sks; path = MainMenu.sks; sourceTree = "<group>"; };
		BAD0300E2496CB8900ECD8B6 /* MainMenu.swift */ = {isa = PBXFileReference; lastKnownFileType = sourcecode.swift; path = MainMenu.swift; sourceTree = "<group>"; };
		BAD030102496DBC600ECD8B6 /* GameOver.swift */ = {isa = PBXFileReference; lastKnownFileType = sourcecode.swift; path = GameOver.swift; sourceTree = "<group>"; };
		BAD0301224975C5300ECD8B6 /* GameOver.sks */ = {isa = PBXFileReference; lastKnownFileType = file.sks; path = GameOver.sks; sourceTree = "<group>"; };
/* End PBXFileReference section */

/* Begin PBXFrameworksBuildPhase section */
		BA37765F248FF64E00DDF2B5 /* Frameworks */ = {
			isa = PBXFrameworksBuildPhase;
			buildActionMask = 2147483647;
			files = (
			);
			runOnlyForDeploymentPostprocessing = 0;
		};
/* End PBXFrameworksBuildPhase section */

/* Begin PBXGroup section */
		BA2E562E249850B300E13383 /* SoundEffects */ = {
			isa = PBXGroup;
			children = (
				BA5B6EAC267A686C001E1FB4 /* Flying.wav */,
				BA5B6EAA267A681D001E1FB4 /* Explosion.wav */,
				BA5B6EA8267A6808001E1FB4 /* Dive.wav */,
				BA5B6EA6267A67CF001E1FB4 /* Power Down.mp3 */,
				BA5B6EA4267A67C0001E1FB4 /* newBGM.mp3 */,
				BA2E56472498B26300E13383 /* Dead.mp3 */,
				BA2E56392498653600E13383 /* Diving.mp3 */,
				BA2E56432498A20100E13383 /* Coin.mp3 */,
				BA2E56452498A3ED00E13383 /* Coral.mp3 */,
				BA2E564124989B0A00E13383 /* LostBubbles.mp3 */,
				BA2E5632249850B300E13383 /* Swim.m4a */,
				BA2E5630249850B300E13383 /* Bgm.mp3 */,
				BA2E563F24989A1800E13383 /* BgmMenu.mp3 */,
				BA2E563B2498686100E13383 /* Btn.wav */,
			);
			path = SoundEffects;
			sourceTree = "<group>";
		};
		BA377659248FF64E00DDF2B5 = {
			isa = PBXGroup;
			children = (
				BA377664248FF64E00DDF2B5 /* Serenity */,
				BA377663248FF64E00DDF2B5 /* Products */,
			);
			sourceTree = "<group>";
		};
		BA377663248FF64E00DDF2B5 /* Products */ = {
			isa = PBXGroup;
			children = (
				BA377662248FF64E00DDF2B5 /* Serenity.app */,
			);
			name = Products;
			sourceTree = "<group>";
		};
		BA377664248FF64E00DDF2B5 /* Serenity */ = {
			isa = PBXGroup;
			children = (
				BA2E562E249850B300E13383 /* SoundEffects */,
				BA377665248FF64E00DDF2B5 /* AppDelegate.swift */,
				BA377667248FF64E00DDF2B5 /* GameScene.sks */,
				BAD0300C2496CA6C00ECD8B6 /* MainMenu.sks */,
				BAD0301224975C5300ECD8B6 /* GameOver.sks */,
				BA377669248FF64E00DDF2B5 /* Actions.sks */,
				BA37766B248FF64E00DDF2B5 /* GameScene.swift */,
				BAD0300E2496CB8900ECD8B6 /* MainMenu.swift */,
				BAD030102496DBC600ECD8B6 /* GameOver.swift */,
				BA37766D248FF64E00DDF2B5 /* GameViewController.swift */,
				BA37766F248FF64E00DDF2B5 /* Main.storyboard */,
				BA377672248FF65000DDF2B5 /* Assets.xcassets */,
				BA377674248FF65000DDF2B5 /* LaunchScreen.storyboard */,
				BA377677248FF65000DDF2B5 /* Info.plist */,
			);
			path = Serenity;
			sourceTree = "<group>";
		};
/* End PBXGroup section */

/* Begin PBXNativeTarget section */
		BA377661248FF64E00DDF2B5 /* Serenity */ = {
			isa = PBXNativeTarget;
			buildConfigurationList = BA37767A248FF65000DDF2B5 /* Build configuration list for PBXNativeTarget "Serenity" */;
			buildPhases = (
				BA37765E248FF64E00DDF2B5 /* Sources */,
				BA37765F248FF64E00DDF2B5 /* Frameworks */,
				BA377660248FF64E00DDF2B5 /* Resources */,
			);
			buildRules = (
			);
			dependencies = (
			);
			name = Serenity;
			productName = Serenity;
			productReference = BA377662248FF64E00DDF2B5 /* Serenity.app */;
			productType = "com.apple.product-type.application";
		};
/* End PBXNativeTarget section */

/* Begin PBXProject section */
		BA37765A248FF64E00DDF2B5 /* Project object */ = {
			isa = PBXProject;
			attributes = {
				LastSwiftUpdateCheck = 1150;
				LastUpgradeCheck = 1150;
				ORGANIZATIONNAME = "Pires Cerullo";
				TargetAttributes = {
					BA377661248FF64E00DDF2B5 = {
						CreatedOnToolsVersion = 11.5;
					};
				};
			};
			buildConfigurationList = BA37765D248FF64E00DDF2B5 /* Build configuration list for PBXProject "Serenity" */;
			compatibilityVersion = "Xcode 9.3";
			developmentRegion = en;
			hasScannedForEncodings = 0;
			knownRegions = (
				en,
				Base,
			);
			mainGroup = BA377659248FF64E00DDF2B5;
			productRefGroup = BA377663248FF64E00DDF2B5 /* Products */;
			projectDirPath = "";
			projectRoot = "";
			targets = (
				BA377661248FF64E00DDF2B5 /* Serenity */,
			);
		};
/* End PBXProject section */

/* Begin PBXResourcesBuildPhase section */
		BA377660248FF64E00DDF2B5 /* Resources */ = {
			isa = PBXResourcesBuildPhase;
			buildActionMask = 2147483647;
			files = (
				BA2E564224989B0A00E13383 /* LostBubbles.mp3 in Resources */,
				BA5B6EA7267A67CF001E1FB4 /* Power Down.mp3 in Resources */,
				BA2E56462498A3ED00E13383 /* Coral.mp3 in Resources */,
				BA2E564024989A1800E13383 /* BgmMenu.mp3 in Resources */,
				BA377671248FF64E00DDF2B5 /* Main.storyboard in Resources */,
				BA5B6EAD267A686C001E1FB4 /* Flying.wav in Resources */,
				BA5B6EA5267A67C0001E1FB4 /* newBGM.mp3 in Resources */,
				BA2E56482498B26300E13383 /* Dead.mp3 in Resources */,
				BA2E563C2498686100E13383 /* Btn.wav in Resources */,
				BA5B6EA9267A6808001E1FB4 /* Dive.wav in Resources */,
				BA2E563A2498653700E13383 /* Diving.mp3 in Resources */,
				BAD0301324975C5300ECD8B6 /* GameOver.sks in Resources */,
				BAD0300D2496CA6C00ECD8B6 /* MainMenu.sks in Resources */,
				BA377668248FF64E00DDF2B5 /* GameScene.sks in Resources */,
				BA377673248FF65000DDF2B5 /* Assets.xcassets in Resources */,
				BA5B6EAB267A681D001E1FB4 /* Explosion.wav in Resources */,
				BA2E5634249850B400E13383 /* Bgm.mp3 in Resources */,
				BA377676248FF65000DDF2B5 /* LaunchScreen.storyboard in Resources */,
				BA2E56442498A20200E13383 /* Coin.mp3 in Resources */,
				BA2E5636249850B400E13383 /* Swim.m4a in Resources */,
				BA37766A248FF64E00DDF2B5 /* Actions.sks in Resources */,
			);
			runOnlyForDeploymentPostprocessing = 0;
		};
/* End PBXResourcesBuildPhase section */

/* Begin PBXSourcesBuildPhase section */
		BA37765E248FF64E00DDF2B5 /* Sources */ = {
			isa = PBXSourcesBuildPhase;
			buildActionMask = 2147483647;
			files = (
				BA37766C248FF64E00DDF2B5 /* GameScene.swift in Sources */,
				BA37766E248FF64E00DDF2B5 /* GameViewController.swift in Sources */,
				BA377666248FF64E00DDF2B5 /* AppDelegate.swift in Sources */,
				BAD030112496DBC600ECD8B6 /* GameOver.swift in Sources */,
				BAD0300F2496CB8900ECD8B6 /* MainMenu.swift in Sources */,
			);
			runOnlyForDeploymentPostprocessing = 0;
		};
/* End PBXSourcesBuildPhase section */

/* Begin PBXVariantGroup section */
		BA37766F248FF64E00DDF2B5 /* Main.storyboard */ = {
			isa = PBXVariantGroup;
			children = (
				BA377670248FF64E00DDF2B5 /* Base */,
			);
			name = Main.storyboard;
			sourceTree = "<group>";
		};
		BA377674248FF65000DDF2B5 /* LaunchScreen.storyboard */ = {
			isa = PBXVariantGroup;
			children = (
				BA377675248FF65000DDF2B5 /* Base */,
			);
			name = LaunchScreen.storyboard;
			sourceTree = "<group>";
		};
/* End PBXVariantGroup section */

/* Begin XCBuildConfiguration section */
		BA377678248FF65000DDF2B5 /* Debug */ = {
			isa = XCBuildConfiguration;
			buildSettings = {
				ALWAYS_SEARCH_USER_PATHS = NO;
				CLANG_ANALYZER_NONNULL = YES;
				CLANG_ANALYZER_NUMBER_OBJECT_CONVERSION = YES_AGGRESSIVE;
				CLANG_CXX_LANGUAGE_STANDARD = "gnu++14";
				CLANG_CXX_LIBRARY = "libc++";
				CLANG_ENABLE_MODULES = YES;
				CLANG_ENABLE_OBJC_ARC = YES;
				CLANG_ENABLE_OBJC_WEAK = YES;
				CLANG_WARN_BLOCK_CAPTURE_AUTORELEASING = YES;
				CLANG_WARN_BOOL_CONVERSION = YES;
				CLANG_WARN_COMMA = YES;
				CLANG_WARN_CONSTANT_CONVERSION = YES;
				CLANG_WARN_DEPRECATED_OBJC_IMPLEMENTATIONS = YES;
				CLANG_WARN_DIRECT_OBJC_ISA_USAGE = YES_ERROR;
				CLANG_WARN_DOCUMENTATION_COMMENTS = YES;
				CLANG_WARN_EMPTY_BODY = YES;
				CLANG_WARN_ENUM_CONVERSION = YES;
				CLANG_WARN_INFINITE_RECURSION = YES;
				CLANG_WARN_INT_CONVERSION = YES;
				CLANG_WARN_NON_LITERAL_NULL_CONVERSION = YES;
				CLANG_WARN_OBJC_IMPLICIT_RETAIN_SELF = YES;
				CLANG_WARN_OBJC_LITERAL_CONVERSION = YES;
				CLANG_WARN_OBJC_ROOT_CLASS = YES_ERROR;
				CLANG_WARN_RANGE_LOOP_ANALYSIS = YES;
				CLANG_WARN_STRICT_PROTOTYPES = YES;
				CLANG_WARN_SUSPICIOUS_MOVE = YES;
				CLANG_WARN_UNGUARDED_AVAILABILITY = YES_AGGRESSIVE;
				CLANG_WARN_UNREACHABLE_CODE = YES;
				CLANG_WARN__DUPLICATE_METHOD_MATCH = YES;
				COPY_PHASE_STRIP = NO;
				DEBUG_INFORMATION_FORMAT = dwarf;
				ENABLE_STRICT_OBJC_MSGSEND = YES;
				ENABLE_TESTABILITY = YES;
				GCC_C_LANGUAGE_STANDARD = gnu11;
				GCC_DYNAMIC_NO_PIC = NO;
				GCC_NO_COMMON_BLOCKS = YES;
				GCC_OPTIMIZATION_LEVEL = 0;
				GCC_PREPROCESSOR_DEFINITIONS = (
					"DEBUG=1",
					"$(inherited)",
				);
				GCC_WARN_64_TO_32_BIT_CONVERSION = YES;
				GCC_WARN_ABOUT_RETURN_TYPE = YES_ERROR;
				GCC_WARN_UNDECLARED_SELECTOR = YES;
				GCC_WARN_UNINITIALIZED_AUTOS = YES_AGGRESSIVE;
				GCC_WARN_UNUSED_FUNCTION = YES;
				GCC_WARN_UNUSED_VARIABLE = YES;
				IPHONEOS_DEPLOYMENT_TARGET = 13.5;
				MTL_ENABLE_DEBUG_INFO = INCLUDE_SOURCE;
				MTL_FAST_MATH = YES;
				ONLY_ACTIVE_ARCH = YES;
				SDKROOT = iphoneos;
				SWIFT_ACTIVE_COMPILATION_CONDITIONS = DEBUG;
				SWIFT_OPTIMIZATION_LEVEL = "-Onone";
			};
			name = Debug;
		};
		BA377679248FF65000DDF2B5 /* Release */ = {
			isa = XCBuildConfiguration;
			buildSettings = {
				ALWAYS_SEARCH_USER_PATHS = NO;
				CLANG_ANALYZER_NONNULL = YES;
				CLANG_ANALYZER_NUMBER_OBJECT_CONVERSION = YES_AGGRESSIVE;
				CLANG_CXX_LANGUAGE_STANDARD = "gnu++14";
				CLANG_CXX_LIBRARY = "libc++";
				CLANG_ENABLE_MODULES = YES;
				CLANG_ENABLE_OBJC_ARC = YES;
				CLANG_ENABLE_OBJC_WEAK = YES;
				CLANG_WARN_BLOCK_CAPTURE_AUTORELEASING = YES;
				CLANG_WARN_BOOL_CONVERSION = YES;
				CLANG_WARN_COMMA = YES;
				CLANG_WARN_CONSTANT_CONVERSION = YES;
				CLANG_WARN_DEPRECATED_OBJC_IMPLEMENTATIONS = YES;
				CLANG_WARN_DIRECT_OBJC_ISA_USAGE = YES_ERROR;
				CLANG_WARN_DOCUMENTATION_COMMENTS = YES;
				CLANG_WARN_EMPTY_BODY = YES;
				CLANG_WARN_ENUM_CONVERSION = YES;
				CLANG_WARN_INFINITE_RECURSION = YES;
				CLANG_WARN_INT_CONVERSION = YES;
				CLANG_WARN_NON_LITERAL_NULL_CONVERSION = YES;
				CLANG_WARN_OBJC_IMPLICIT_RETAIN_SELF = YES;
				CLANG_WARN_OBJC_LITERAL_CONVERSION = YES;
				CLANG_WARN_OBJC_ROOT_CLASS = YES_ERROR;
				CLANG_WARN_RANGE_LOOP_ANALYSIS = YES;
				CLANG_WARN_STRICT_PROTOTYPES = YES;
				CLANG_WARN_SUSPICIOUS_MOVE = YES;
				CLANG_WARN_UNGUARDED_AVAILABILITY = YES_AGGRESSIVE;
				CLANG_WARN_UNREACHABLE_CODE = YES;
				CLANG_WARN__DUPLICATE_METHOD_MATCH = YES;
				COPY_PHASE_STRIP = NO;
				DEBUG_INFORMATION_FORMAT = "dwarf-with-dsym";
				ENABLE_NS_ASSERTIONS = NO;
				ENABLE_STRICT_OBJC_MSGSEND = YES;
				GCC_C_LANGUAGE_STANDARD = gnu11;
				GCC_NO_COMMON_BLOCKS = YES;
				GCC_WARN_64_TO_32_BIT_CONVERSION = YES;
				GCC_WARN_ABOUT_RETURN_TYPE = YES_ERROR;
				GCC_WARN_UNDECLARED_SELECTOR = YES;
				GCC_WARN_UNINITIALIZED_AUTOS = YES_AGGRESSIVE;
				GCC_WARN_UNUSED_FUNCTION = YES;
				GCC_WARN_UNUSED_VARIABLE = YES;
				IPHONEOS_DEPLOYMENT_TARGET = 13.5;
				MTL_ENABLE_DEBUG_INFO = NO;
				MTL_FAST_MATH = YES;
				SDKROOT = iphoneos;
				SWIFT_COMPILATION_MODE = wholemodule;
				SWIFT_OPTIMIZATION_LEVEL = "-O";
				VALIDATE_PRODUCT = YES;
			};
			name = Release;
		};
		BA37767B248FF65000DDF2B5 /* Debug */ = {
			isa = XCBuildConfiguration;
			buildSettings = {
				ASSETCATALOG_COMPILER_APPICON_NAME = AppIcon;
				CODE_SIGN_STYLE = Automatic;
				DEVELOPMENT_TEAM = 98J9762WWY;
				INFOPLIST_FILE = Serenity/Info.plist;
				LD_RUNPATH_SEARCH_PATHS = (
					"$(inherited)",
					"@executable_path/Frameworks",
				);
				PRODUCT_BUNDLE_IDENTIFIER = PiresC.Serenity;
				PRODUCT_NAME = "$(TARGET_NAME)";
				SWIFT_VERSION = 5.0;
				TARGETED_DEVICE_FAMILY = "1,2";
			};
			name = Debug;
		};
		BA37767C248FF65000DDF2B5 /* Release */ = {
			isa = XCBuildConfiguration;
			buildSettings = {
				ASSETCATALOG_COMPILER_APPICON_NAME = AppIcon;
				CODE_SIGN_STYLE = Automatic;
				DEVELOPMENT_TEAM = 98J9762WWY;
				INFOPLIST_FILE = Serenity/Info.plist;
				LD_RUNPATH_SEARCH_PATHS = (
					"$(inherited)",
					"@executable_path/Frameworks",
				);
				PRODUCT_BUNDLE_IDENTIFIER = PiresC.Serenity;
				PRODUCT_NAME = "$(TARGET_NAME)";
				SWIFT_VERSION = 5.0;
				TARGETED_DEVICE_FAMILY = "1,2";
			};
			name = Release;
		};
/* End XCBuildConfiguration section */

/* Begin XCConfigurationList section */
		BA37765D248FF64E00DDF2B5 /* Build configuration list for PBXProject "Serenity" */ = {
			isa = XCConfigurationList;
			buildConfigurations = (
				BA377678248FF65000DDF2B5 /* Debug */,
				BA377679248FF65000DDF2B5 /* Release */,
			);
			defaultConfigurationIsVisible = 0;
			defaultConfigurationName = Release;
		};
		BA37767A248FF65000DDF2B5 /* Build configuration list for PBXNativeTarget "Serenity" */ = {
			isa = XCConfigurationList;
			buildConfigurations = (
				BA37767B248FF65000DDF2B5 /* Debug */,
				BA37767C248FF65000DDF2B5 /* Release */,
			);
			defaultConfigurationIsVisible = 0;
			defaultConfigurationName = Release;
		};
/* End XCConfigurationList section */
	};
	rootObject = BA37765A248FF64E00DDF2B5 /* Project object */;
}
